
Microsoft Visual Studio Solution File, Format Version 12.00
# Visual Studio 15
VisualStudioVersion = 15.0.28307.1831
MinimumVisualStudioVersion = 10.0.40219.1
Project("{FAE04EC0-301F-11D3-BF4B-00C04F79EFBC}") = "ARCtools", "trail\ARCtools.csproj", "{AB682415-42BA-46F3-BC79-1B722AF66D49}"
EndProject
Global
	GlobalSection(SolutionConfigurationPlatforms) = preSolution
		Debug_2018|Any CPU = Debug_2018|Any CPU
		Debug_2020|Any CPU = Debug_2020|Any CPU
		Release|Any CPU = Release|Any CPU
	EndGlobalSection
	GlobalSection(ProjectConfigurationPlatforms) = postSolution
		{AB682415-42BA-46F3-BC79-1B722AF66D49}.Debug_2018|Any CPU.ActiveCfg = Debug|Any CPU
		{AB682415-42BA-46F3-BC79-1B722AF66D49}.Debug_2018|Any CPU.Build.0 = Debug|Any CPU
		{AB682415-42BA-46F3-BC79-1B722AF66D49}.Debug_2020|Any CPU.ActiveCfg = Debug_2020|Any CPU
		{AB682415-42BA-46F3-BC79-1B722AF66D49}.Debug_2020|Any CPU.Build.0 = Debug_2020|Any CPU
		{AB682415-42BA-46F3-BC79-1B722AF66D49}.Release|Any CPU.ActiveCfg = Release|Any CPU
		{AB682415-42BA-46F3-BC79-1B722AF66D49}.Release|Any CPU.Build.0 = Release|Any CPU
	EndGlobalSection
	GlobalSection(SolutionProperties) = preSolution
		HideSolutionNode = FALSE
	EndGlobalSection
	GlobalSection(ExtensibilityGlobals) = postSolution
		SolutionGuid = {360E5265-B2DC-4148-8ACE-2DEF9F919707}
	EndGlobalSection
EndGlobal
